# THIS IS AN AUTOGENERATED FILE. DO NOT EDIT THIS FILE DIRECTLY.
# yarn lockfile v1


preact@^10.29.8:
  version "10.29.8"
  resolved "https://registry.yarnpkg.com/preact/-/preact-10.29.8.tgz#fc85b82dc2474e245b1430b51781d417361f5fc3"
  integrity sha512-ej2aVZ+vZ8WO7tvlQWRM9N63A0KzF9q4mWJfDUHgYaIofWY9hu74QdnQrjoPMmZi2/nZ5gN0bJCQF49xQqx09Q==
