# THIS IS AN AUTOGENERATED FILE. DO NOT EDIT THIS FILE DIRECTLY.
# yarn lockfile v1


preact@^10.5.14:
  version "10.5.14"
  resolved "https://registry.yarnpkg.com/preact/-/preact-10.5.14.tgz#0b14a2eefba3c10a57116b90d1a65f5f00cd2701"
  integrity sha512-KojoltCrshZ099ksUZ2OQKfbH66uquFoxHSbnwKbTJHeQNvx42EmC7wQVWNuDt6vC5s3nudRHFtKbpY4ijKlaQ==
